
Microsoft Visual Studio Solution File, Format Version 12.00
# Visual Studio Version 17
VisualStudioVersion = 17.4.33205.214
MinimumVisualStudioVersion = 10.0.40219.1
Project("{FAE04EC0-301F-11D3-BF4B-00C04F79EFBC}") = "employeeUC2", "employeeUC2\employeeUC2.csproj", "{75F29824-D185-44A3-BBA3-EE940484048C}"
EndProject
Global
	GlobalSection(SolutionConfigurationPlatforms) = preSolution
		Debug|Any CPU = Debug|Any CPU
		Release|Any CPU = Release|Any CPU
	EndGlobalSection
	GlobalSection(ProjectConfigurationPlatforms) = postSolution
		{75F29824-D185-44A3-BBA3-EE940484048C}.Debug|Any CPU.ActiveCfg = Debug|Any CPU
		{75F29824-D185-44A3-BBA3-EE940484048C}.Debug|Any CPU.Build.0 = Debug|Any CPU
		{75F29824-D185-44A3-BBA3-EE940484048C}.Release|Any CPU.ActiveCfg = Release|Any CPU
		{75F29824-D185-44A3-BBA3-EE940484048C}.Release|Any CPU.Build.0 = Release|Any CPU
	EndGlobalSection
	GlobalSection(SolutionProperties) = preSolution
		HideSolutionNode = FALSE
	EndGlobalSection
	GlobalSection(ExtensibilityGlobals) = postSolution
		SolutionGuid = {6B57F467-9FF1-4A4C-86D0-7263707F7F42}
	EndGlobalSection
EndGlobal
