
Microsoft Visual Studio Solution File, Format Version 12.00
# Visual Studio Version 17
VisualStudioVersion = 17.4.33205.214
MinimumVisualStudioVersion = 10.0.40219.1
Project("{FAE04EC0-301F-11D3-BF4B-00C04F79EFBC}") = "employeeAttendanceUC1", "employeeAttendanceUC1\employeeAttendanceUC1.csproj", "{657E5765-921D-4305-96BA-0C50C1A70FEA}"
EndProject
Global
	GlobalSection(SolutionConfigurationPlatforms) = preSolution
		Debug|Any CPU = Debug|Any CPU
		Release|Any CPU = Release|Any CPU
	EndGlobalSection
	GlobalSection(ProjectConfigurationPlatforms) = postSolution
		{657E5765-921D-4305-96BA-0C50C1A70FEA}.Debug|Any CPU.ActiveCfg = Debug|Any CPU
		{657E5765-921D-4305-96BA-0C50C1A70FEA}.Debug|Any CPU.Build.0 = Debug|Any CPU
		{657E5765-921D-4305-96BA-0C50C1A70FEA}.Release|Any CPU.ActiveCfg = Release|Any CPU
		{657E5765-921D-4305-96BA-0C50C1A70FEA}.Release|Any CPU.Build.0 = Release|Any CPU
	EndGlobalSection
	GlobalSection(SolutionProperties) = preSolution
		HideSolutionNode = FALSE
	EndGlobalSection
	GlobalSection(ExtensibilityGlobals) = postSolution
		SolutionGuid = {A495CB9E-013D-40D5-AECE-41867D55193D}
	EndGlobalSection
EndGlobal
